// !$*UTF8*$!
{
	archiveVersion = 1;
	classes = {
	};
	objectVersion = 46;
	objects = {

/* Begin PBXBuildFile section */
		1D60589F0D05DD5A006BFB54 /* Foundation.framework in Frameworks */ = {isa = PBXBuildFile; fileRef = 1D30AB110D05D00D00671497 /* Foundation.framework */; };
		1DF5F4E00D08C38300B7A737 /* UIKit.framework in Frameworks */ = {isa = PBXBuildFile; fileRef = 1DF5F4DF0D08C38300B7A737 /* UIKit.framework */; };
		30DB11E80E1D560C00074579 /* CoreGraphics.framework in Frameworks */ = {isa = PBXBuildFile; fileRef = 30DB11E70E1D560C00074579 /* CoreGraphics.framework */; };
		4A0095E90E3154520026ED63 /* CFNetwork.framework in Frameworks */ = {isa = PBXBuildFile; fileRef = 4A0095E80E3154520026ED63 /* CFNetwork.framework */; };
		4AB68CAE0E08400F0007FE98 /* Security.framework in Frameworks */ = {isa = PBXBuildFile; fileRef = 4AB68CAD0E08400F0007FE98 /* Security.framework */; };
		BFF38A360FA2753F00B95234 /* SystemConfiguration.framework in Frameworks */ = {isa = PBXBuildFile; fileRef = BFF38A350FA2753F00B95234 /* SystemConfiguration.framework */; };
		D70A1EE41AE270AE00CD8FE7 /* AppDelegate.swift in Sources */ = {isa = PBXBuildFile; fileRef = D70A1EE31AE270AE00CD8FE7 /* AppDelegate.swift */; };
		D70A1EE81AE2797B00CD8FE7 /* ServiceController.swift in Sources */ = {isa = PBXBuildFile; fileRef = D70A1EE71AE2797B00CD8FE7 /* ServiceController.swift */; };
		D70A1F241AE3C96000CD8FE7 /* LocalBonjourController.swift in Sources */ = {isa = PBXBuildFile; fileRef = D70A1F231AE3C96000CD8FE7 /* LocalBonjourController.swift */; };
		D72817F41E07779E00284B53 /* ServiceView.xib in Resources */ = {isa = PBXBuildFile; fileRef = D72817EC1E07779E00284B53 /* ServiceView.xib */; };
		D72817F51E07779E00284B53 /* MainWindow.xib in Resources */ = {isa = PBXBuildFile; fileRef = D72817EE1E07779E00284B53 /* MainWindow.xib */; };
		D72817F61E07779E00284B53 /* KeyGeneration.xib in Resources */ = {isa = PBXBuildFile; fileRef = D72817F01E07779E00284B53 /* KeyGeneration.xib */; };
		D72817F71E07779E00284B53 /* BrowserViewController.xib in Resources */ = {isa = PBXBuildFile; fileRef = D72817F21E07779E00284B53 /* BrowserViewController.xib */; };
		D77F71CD2257284E000A606E /* LaunchScreen.storyboard in Resources */ = {isa = PBXBuildFile; fileRef = D77F71CC2257284E000A606E /* LaunchScreen.storyboard */; };
		D7F4FE171AE3F3F600F5C24F /* CryptoClient.swift in Sources */ = {isa = PBXBuildFile; fileRef = D7F4FE111AE3F3F600F5C24F /* CryptoClient.swift */; };
		D7F4FE181AE3F3F600F5C24F /* CryptoCommon.swift in Sources */ = {isa = PBXBuildFile; fileRef = D7F4FE121AE3F3F600F5C24F /* CryptoCommon.swift */; };
		D7F4FE191AE3F3F600F5C24F /* CryptoServer.swift in Sources */ = {isa = PBXBuildFile; fileRef = D7F4FE131AE3F3F600F5C24F /* CryptoServer.swift */; };
		D7F4FE1A1AE3F3F600F5C24F /* CryptoServerRequest.swift in Sources */ = {isa = PBXBuildFile; fileRef = D7F4FE141AE3F3F600F5C24F /* CryptoServerRequest.swift */; };
		D7F4FE1B1AE3F3F600F5C24F /* KeyGeneration.swift in Sources */ = {isa = PBXBuildFile; fileRef = D7F4FE151AE3F3F600F5C24F /* KeyGeneration.swift */; };
		D7F4FE1C1AE3F3F600F5C24F /* SecKeyWrapper.swift in Sources */ = {isa = PBXBuildFile; fileRef = D7F4FE161AE3F3F600F5C24F /* SecKeyWrapper.swift */; };
/* End PBXBuildFile section */

/* Begin PBXFileReference section */
		1D30AB110D05D00D00671497 /* Foundation.framework */ = {isa = PBXFileReference; lastKnownFileType = wrapper.framework; name = Foundation.framework; path = System/Library/Frameworks/Foundation.framework; sourceTree = SDKROOT; };
		1D6058910D05DD3D006BFB54 /* CryptoExercise.app */ = {isa = PBXFileReference; explicitFileType = wrapper.application; includeInIndex = 0; path = CryptoExercise.app; sourceTree = BUILT_PRODUCTS_DIR; };
		1DF5F4DF0D08C38300B7A737 /* UIKit.framework */ = {isa = PBXFileReference; lastKnownFileType = wrapper.framework; name = UIKit.framework; path = System/Library/Frameworks/UIKit.framework; sourceTree = SDKROOT; };
		30DB11E70E1D560C00074579 /* CoreGraphics.framework */ = {isa = PBXFileReference; lastKnownFileType = wrapper.framework; name = CoreGraphics.framework; path = System/Library/Frameworks/CoreGraphics.framework; sourceTree = SDKROOT; };
		4A0095E80E3154520026ED63 /* CFNetwork.framework */ = {isa = PBXFileReference; lastKnownFileType = wrapper.framework; name = CFNetwork.framework; path = System/Library/Frameworks/CFNetwork.framework; sourceTree = SDKROOT; };
		4AB68CAD0E08400F0007FE98 /* Security.framework */ = {isa = PBXFileReference; lastKnownFileType = wrapper.framework; name = Security.framework; path = System/Library/Frameworks/Security.framework; sourceTree = SDKROOT; };
		8D1107310486CEB800E47090 /* Info.plist */ = {isa = PBXFileReference; fileEncoding = 4; lastKnownFileType = text.plist.xml; path = Info.plist; sourceTree = "<group>"; };
		BFF38A350FA2753F00B95234 /* SystemConfiguration.framework */ = {isa = PBXFileReference; lastKnownFileType = wrapper.framework; name = SystemConfiguration.framework; path = System/Library/Frameworks/SystemConfiguration.framework; sourceTree = SDKROOT; };
		D70A1EE31AE270AE00CD8FE7 /* AppDelegate.swift */ = {isa = PBXFileReference; fileEncoding = 4; lastKnownFileType = sourcecode.swift; path = AppDelegate.swift; sourceTree = "<group>"; };
		D70A1EE71AE2797B00CD8FE7 /* ServiceController.swift */ = {isa = PBXFileReference; fileEncoding = 4; lastKnownFileType = sourcecode.swift; path = ServiceController.swift; sourceTree = "<group>"; };
		D70A1F231AE3C96000CD8FE7 /* LocalBonjourController.swift */ = {isa = PBXFileReference; fileEncoding = 4; lastKnownFileType = sourcecode.swift; path = LocalBonjourController.swift; sourceTree = "<group>"; };
		D77F71CC2257284E000A606E /* LaunchScreen.storyboard */ = {isa = PBXFileReference; lastKnownFileType = file.storyboard; path = LaunchScreen.storyboard; sourceTree = "<group>"; };
		D7D6D35A20E524C60012B707 /* Base */ = {isa = PBXFileReference; lastKnownFileType = file.xib; name = Base; path = Base.lproj/ServiceView.xib; sourceTree = "<group>"; };
		D7D6D35C20E524C70012B707 /* Base */ = {isa = PBXFileReference; lastKnownFileType = file.xib; name = Base; path = Base.lproj/KeyGeneration.xib; sourceTree = "<group>"; };
		D7D6D35D20E524C70012B707 /* Base */ = {isa = PBXFileReference; lastKnownFileType = file.xib; name = Base; path = Base.lproj/BrowserViewController.xib; sourceTree = "<group>"; };
		D7D6D35E20E525410012B707 /* en */ = {isa = PBXFileReference; lastKnownFileType = file.xib; name = en; path = en.lproj/MainWindow.xib; sourceTree = "<group>"; };
		D7F4FE0D1AE3F2E600F5C24F /* ReadMe.txt */ = {isa = PBXFileReference; fileEncoding = 4; lastKnownFileType = text; path = ReadMe.txt; sourceTree = "<group>"; };
		D7F4FE0F1AE3F35600F5C24F /* README.md */ = {isa = PBXFileReference; fileEncoding = 4; lastKnownFileType = net.daringfireball.markdown; path = README.md; sourceTree = "<group>"; };
		D7F4FE111AE3F3F600F5C24F /* CryptoClient.swift */ = {isa = PBXFileReference; fileEncoding = 4; lastKnownFileType = sourcecode.swift; name = CryptoClient.swift; path = Classes/CryptoClient.swift; sourceTree = "<group>"; };
		D7F4FE121AE3F3F600F5C24F /* CryptoCommon.swift */ = {isa = PBXFileReference; fileEncoding = 4; lastKnownFileType = sourcecode.swift; name = CryptoCommon.swift; path = Classes/CryptoCommon.swift; sourceTree = "<group>"; };
		D7F4FE131AE3F3F600F5C24F /* CryptoServer.swift */ = {isa = PBXFileReference; fileEncoding = 4; lastKnownFileType = sourcecode.swift; name = CryptoServer.swift; path = Classes/CryptoServer.swift; sourceTree = "<group>"; };
		D7F4FE141AE3F3F600F5C24F /* CryptoServerRequest.swift */ = {isa = PBXFileReference; fileEncoding = 4; lastKnownFileType = sourcecode.swift; name = CryptoServerRequest.swift; path = Classes/CryptoServerRequest.swift; sourceTree = "<group>"; };
		D7F4FE151AE3F3F600F5C24F /* KeyGeneration.swift */ = {isa = PBXFileReference; fileEncoding = 4; lastKnownFileType = sourcecode.swift; name = KeyGeneration.swift; path = Classes/KeyGeneration.swift; sourceTree = "<group>"; };
		D7F4FE161AE3F3F600F5C24F /* SecKeyWrapper.swift */ = {isa = PBXFileReference; fileEncoding = 4; lastKnownFileType = sourcecode.swift; name = SecKeyWrapper.swift; path = Classes/SecKeyWrapper.swift; sourceTree = "<group>"; };
/* End PBXFileReference section */

/* Begin PBXFrameworksBuildPhase section */
		1D60588F0D05DD3D006BFB54 /* Frameworks */ = {
			isa = PBXFrameworksBuildPhase;
			buildActionMask = 2147483647;
			files = (
				1D60589F0D05DD5A006BFB54 /* Foundation.framework in Frameworks */,
				1DF5F4E00D08C38300B7A737 /* UIKit.framework in Frameworks */,
				4AB68CAE0E08400F0007FE98 /* Security.framework in Frameworks */,
				30DB11E80E1D560C00074579 /* CoreGraphics.framework in Frameworks */,
				4A0095E90E3154520026ED63 /* CFNetwork.framework in Frameworks */,
				BFF38A360FA2753F00B95234 /* SystemConfiguration.framework in Frameworks */,
			);
			runOnlyForDeploymentPostprocessing = 0;
		};
/* End PBXFrameworksBuildPhase section */

/* Begin PBXGroup section */
		080E96DDFE201D6D7F000001 /* Other Classes */ = {
			isa = PBXGroup;
			children = (
				D70A1EE31AE270AE00CD8FE7 /* AppDelegate.swift */,
				D70A1F231AE3C96000CD8FE7 /* LocalBonjourController.swift */,
				D70A1EE71AE2797B00CD8FE7 /* ServiceController.swift */,
			);
			name = "Other Classes";
			path = Classes;
			sourceTree = "<group>";
		};
		19C28FACFE9D520D11CA2CBB /* Products */ = {
			isa = PBXGroup;
			children = (
				1D6058910D05DD3D006BFB54 /* CryptoExercise.app */,
			);
			name = Products;
			sourceTree = "<group>";
		};
		29B97314FDCFA39411CA2CEA /* CustomTemplate */ = {
			isa = PBXGroup;
			children = (
				D7F4FE0F1AE3F35600F5C24F /* README.md */,
				D7F4FE0D1AE3F2E600F5C24F /* ReadMe.txt */,
				4A7068AA0E3E8CC200C7744A /* Crypto Classes */,
				080E96DDFE201D6D7F000001 /* Other Classes */,
				29B97315FDCFA39411CA2CEA /* Other Sources */,
				29B97317FDCFA39411CA2CEA /* Resources */,
				29B97323FDCFA39411CA2CEA /* Frameworks */,
				19C28FACFE9D520D11CA2CBB /* Products */,
			);
			name = CustomTemplate;
			sourceTree = "<group>";
		};
		29B97315FDCFA39411CA2CEA /* Other Sources */ = {
			isa = PBXGroup;
			children = (
			);
			name = "Other Sources";
			sourceTree = "<group>";
		};
		29B97317FDCFA39411CA2CEA /* Resources */ = {
			isa = PBXGroup;
			children = (
				D72817EC1E07779E00284B53 /* ServiceView.xib */,
				D72817EE1E07779E00284B53 /* MainWindow.xib */,
				D72817F01E07779E00284B53 /* KeyGeneration.xib */,
				D72817F21E07779E00284B53 /* BrowserViewController.xib */,
				8D1107310486CEB800E47090 /* Info.plist */,
				D77F71CC2257284E000A606E /* LaunchScreen.storyboard */,
			);
			name = Resources;
			sourceTree = "<group>";
		};
		29B97323FDCFA39411CA2CEA /* Frameworks */ = {
			isa = PBXGroup;
			children = (
				4A0095E80E3154520026ED63 /* CFNetwork.framework */,
				BFF38A350FA2753F00B95234 /* SystemConfiguration.framework */,
				30DB11E70E1D560C00074579 /* CoreGraphics.framework */,
				4AB68CAD0E08400F0007FE98 /* Security.framework */,
				1DF5F4DF0D08C38300B7A737 /* UIKit.framework */,
				1D30AB110D05D00D00671497 /* Foundation.framework */,
			);
			name = Frameworks;
			sourceTree = "<group>";
		};
		4A7068AA0E3E8CC200C7744A /* Crypto Classes */ = {
			isa = PBXGroup;
			children = (
				D7F4FE111AE3F3F600F5C24F /* CryptoClient.swift */,
				D7F4FE121AE3F3F600F5C24F /* CryptoCommon.swift */,
				D7F4FE131AE3F3F600F5C24F /* CryptoServer.swift */,
				D7F4FE141AE3F3F600F5C24F /* CryptoServerRequest.swift */,
				D7F4FE151AE3F3F600F5C24F /* KeyGeneration.swift */,
				D7F4FE161AE3F3F600F5C24F /* SecKeyWrapper.swift */,
			);
			name = "Crypto Classes";
			sourceTree = "<group>";
		};
/* End PBXGroup section */

/* Begin PBXNativeTarget section */
		1D6058900D05DD3D006BFB54 /* CryptoExercise */ = {
			isa = PBXNativeTarget;
			buildConfigurationList = 1D6058960D05DD3E006BFB54 /* Build configuration list for PBXNativeTarget "CryptoExercise" */;
			buildPhases = (
				1D60588D0D05DD3D006BFB54 /* Resources */,
				1D60588E0D05DD3D006BFB54 /* Sources */,
				1D60588F0D05DD3D006BFB54 /* Frameworks */,
			);
			buildRules = (
			);
			dependencies = (
			);
			name = CryptoExercise;
			productName = CryptoExercise;
			productReference = 1D6058910D05DD3D006BFB54 /* CryptoExercise.app */;
			productType = "com.apple.product-type.application";
		};
/* End PBXNativeTarget section */

/* Begin PBXProject section */
		29B97313FDCFA39411CA2CEA /* Project object */ = {
			isa = PBXProject;
			attributes = {
				LastSwiftUpdateCheck = 0700;
				LastUpgradeCheck = 1020;
				TargetAttributes = {
					1D6058900D05DD3D006BFB54 = {
						LastSwiftMigration = 1020;
					};
				};
			};
			buildConfigurationList = C01FCF4E08A954540054247B /* Build configuration list for PBXProject "CryptoExercise" */;
			compatibilityVersion = "Xcode 3.2";
			developmentRegion = en;
			hasScannedForEncodings = 1;
			knownRegions = (
				en,
				Base,
				fr,
				ja,
				de,
			);
			mainGroup = 29B97314FDCFA39411CA2CEA /* CustomTemplate */;
			projectDirPath = "";
			projectRoot = "";
			targets = (
				1D6058900D05DD3D006BFB54 /* CryptoExercise */,
			);
		};
/* End PBXProject section */

/* Begin PBXResourcesBuildPhase section */
		1D60588D0D05DD3D006BFB54 /* Resources */ = {
			isa = PBXResourcesBuildPhase;
			buildActionMask = 2147483647;
			files = (
				D72817F41E07779E00284B53 /* ServiceView.xib in Resources */,
				D72817F51E07779E00284B53 /* MainWindow.xib in Resources */,
				D72817F61E07779E00284B53 /* KeyGeneration.xib in Resources */,
				D77F71CD2257284E000A606E /* LaunchScreen.storyboard in Resources */,
				D72817F71E07779E00284B53 /* BrowserViewController.xib in Resources */,
			);
			runOnlyForDeploymentPostprocessing = 0;
		};
/* End PBXResourcesBuildPhase section */

/* Begin PBXSourcesBuildPhase section */
		1D60588E0D05DD3D006BFB54 /* Sources */ = {
			isa = PBXSourcesBuildPhase;
			buildActionMask = 2147483647;
			files = (
				D70A1EE81AE2797B00CD8FE7 /* ServiceController.swift in Sources */,
				D70A1F241AE3C96000CD8FE7 /* LocalBonjourController.swift in Sources */,
				D7F4FE191AE3F3F600F5C24F /* CryptoServer.swift in Sources */,
				D70A1EE41AE270AE00CD8FE7 /* AppDelegate.swift in Sources */,
				D7F4FE1B1AE3F3F600F5C24F /* KeyGeneration.swift in Sources */,
				D7F4FE1C1AE3F3F600F5C24F /* SecKeyWrapper.swift in Sources */,
				D7F4FE171AE3F3F600F5C24F /* CryptoClient.swift in Sources */,
				D7F4FE1A1AE3F3F600F5C24F /* CryptoServerRequest.swift in Sources */,
				D7F4FE181AE3F3F600F5C24F /* CryptoCommon.swift in Sources */,
			);
			runOnlyForDeploymentPostprocessing = 0;
		};
/* End PBXSourcesBuildPhase section */

/* Begin PBXVariantGroup section */
		D72817EC1E07779E00284B53 /* ServiceView.xib */ = {
			isa = PBXVariantGroup;
			children = (
				D7D6D35A20E524C60012B707 /* Base */,
			);
			name = ServiceView.xib;
			sourceTree = "<group>";
		};
		D72817EE1E07779E00284B53 /* MainWindow.xib */ = {
			isa = PBXVariantGroup;
			children = (
				D7D6D35E20E525410012B707 /* en */,
			);
			name = MainWindow.xib;
			sourceTree = "<group>";
		};
		D72817F01E07779E00284B53 /* KeyGeneration.xib */ = {
			isa = PBXVariantGroup;
			children = (
				D7D6D35C20E524C70012B707 /* Base */,
			);
			name = KeyGeneration.xib;
			sourceTree = "<group>";
		};
		D72817F21E07779E00284B53 /* BrowserViewController.xib */ = {
			isa = PBXVariantGroup;
			children = (
				D7D6D35D20E524C70012B707 /* Base */,
			);
			name = BrowserViewController.xib;
			sourceTree = "<group>";
		};
/* End PBXVariantGroup section */

/* Begin XCBuildConfiguration section */
		1D6058940D05DD3E006BFB54 /* Debug */ = {
			isa = XCBuildConfiguration;
			buildSettings = {
				ALWAYS_SEARCH_USER_PATHS = NO;
				CLANG_ENABLE_MODULES = YES;
				CLANG_ENABLE_OBJC_ARC = YES;
				COPY_PHASE_STRIP = NO;
				DEVELOPMENT_TEAM = "";
				GCC_DYNAMIC_NO_PIC = NO;
				GCC_OPTIMIZATION_LEVEL = 0;
				GCC_PRECOMPILE_PREFIX_HEADER = YES;
				GCC_PREFIX_HEADER = Prefix.pch;
				INFOPLIST_FILE = Info.plist;
				IPHONEOS_DEPLOYMENT_TARGET = 8.0;
				LD_RUNPATH_SEARCH_PATHS = "$(inherited) @executable_path/Frameworks";
				OTHER_SWIFT_FLAGS = "-D ALLOW_TO_CONNECT_TO_SELF";
				PRODUCT_BUNDLE_IDENTIFIER = "com.yourcompany.${PRODUCT_NAME:identifier}";
				PRODUCT_NAME = CryptoExercise;
				SWIFT_OPTIMIZATION_LEVEL = "-Onone";
				SWIFT_VERSION = 5.0;
			};
			name = Debug;
		};
		1D6058950D05DD3E006BFB54 /* Release */ = {
			isa = XCBuildConfiguration;
			buildSettings = {
				ALWAYS_SEARCH_USER_PATHS = NO;
				CLANG_ENABLE_MODULES = YES;
				CLANG_ENABLE_OBJC_ARC = YES;
				COPY_PHASE_STRIP = YES;
				DEVELOPMENT_TEAM = "";
				GCC_PRECOMPILE_PREFIX_HEADER = YES;
				GCC_PREFIX_HEADER = Prefix.pch;
				INFOPLIST_FILE = Info.plist;
				IPHONEOS_DEPLOYMENT_TARGET = 8.0;
				LD_RUNPATH_SEARCH_PATHS = "$(inherited) @executable_path/Frameworks";
				OTHER_SWIFT_FLAGS = "-D ALLOW_TO_CONNECT_TO_SELF";
				PRODUCT_BUNDLE_IDENTIFIER = "com.yourcompany.${PRODUCT_NAME:identifier}";
				PRODUCT_NAME = CryptoExercise;
				SWIFT_VERSION = 5.0;
			};
			name = Release;
		};
		C01FCF4F08A954540054247B /* Debug */ = {
			isa = XCBuildConfiguration;
			buildSettings = {
				CLANG_ANALYZER_LOCALIZABILITY_NONLOCALIZED = YES;
				CLANG_WARN_BLOCK_CAPTURE_AUTORELEASING = YES;
				CLANG_WARN_BOOL_CONVERSION = YES;
				CLANG_WARN_COMMA = YES;
				CLANG_WARN_CONSTANT_CONVERSION = YES;
				CLANG_WARN_DEPRECATED_OBJC_IMPLEMENTATIONS = YES;
				CLANG_WARN_EMPTY_BODY = YES;
				CLANG_WARN_ENUM_CONVERSION = YES;
				CLANG_WARN_INFINITE_RECURSION = YES;
				CLANG_WARN_INT_CONVERSION = YES;
				CLANG_WARN_NON_LITERAL_NULL_CONVERSION = YES;
				CLANG_WARN_OBJC_IMPLICIT_RETAIN_SELF = YES;
				CLANG_WARN_OBJC_LITERAL_CONVERSION = YES;
				CLANG_WARN_RANGE_LOOP_ANALYSIS = YES;
				CLANG_WARN_STRICT_PROTOTYPES = YES;
				CLANG_WARN_SUSPICIOUS_MOVE = YES;
				CLANG_WARN_UNREACHABLE_CODE = YES;
				CLANG_WARN__DUPLICATE_METHOD_MATCH = YES;
				"CODE_SIGN_IDENTITY[sdk=iphoneos*]" = "iPhone Developer";
				ENABLE_STRICT_OBJC_MSGSEND = YES;
				ENABLE_TESTABILITY = YES;
				GCC_C_LANGUAGE_STANDARD = c99;
				GCC_NO_COMMON_BLOCKS = YES;
				GCC_WARN_64_TO_32_BIT_CONVERSION = YES;
				GCC_WARN_ABOUT_RETURN_TYPE = YES;
				GCC_WARN_UNDECLARED_SELECTOR = YES;
				GCC_WARN_UNINITIALIZED_AUTOS = YES;
				GCC_WARN_UNUSED_FUNCTION = YES;
				GCC_WARN_UNUSED_VARIABLE = YES;
				IPHONEOS_DEPLOYMENT_TARGET = 8.0;
				ONLY_ACTIVE_ARCH = YES;
				OTHER_CFLAGS = "-DDEBUG=1";
				OTHER_SWIFT_FLAGS = "-D ALLOW_TO_CONNECT_TO_SELF";
				SDKROOT = iphoneos;
				SWIFT_SWIFT3_OBJC_INFERENCE = Off;
				SWIFT_VERSION = 4.2;
			};
			name = Debug;
		};
		C01FCF5008A954540054247B /* Release */ = {
			isa = XCBuildConfiguration;
			buildSettings = {
				CLANG_ANALYZER_LOCALIZABILITY_NONLOCALIZED = YES;
				CLANG_WARN_BLOCK_CAPTURE_AUTORELEASING = YES;
				CLANG_WARN_BOOL_CONVERSION = YES;
				CLANG_WARN_COMMA = YES;
				CLANG_WARN_CONSTANT_CONVERSION = YES;
				CLANG_WARN_DEPRECATED_OBJC_IMPLEMENTATIONS = YES;
				CLANG_WARN_EMPTY_BODY = YES;
				CLANG_WARN_ENUM_CONVERSION = YES;
				CLANG_WARN_INFINITE_RECURSION = YES;
				CLANG_WARN_INT_CONVERSION = YES;
				CLANG_WARN_NON_LITERAL_NULL_CONVERSION = YES;
				CLANG_WARN_OBJC_IMPLICIT_RETAIN_SELF = YES;
				CLANG_WARN_OBJC_LITERAL_CONVERSION = YES;
				CLANG_WARN_RANGE_LOOP_ANALYSIS = YES;
				CLANG_WARN_STRICT_PROTOTYPES = YES;
				CLANG_WARN_SUSPICIOUS_MOVE = YES;
				CLANG_WARN_UNREACHABLE_CODE = YES;
				CLANG_WARN__DUPLICATE_METHOD_MATCH = YES;
				"CODE_SIGN_IDENTITY[sdk=iphoneos*]" = "iPhone Developer";
				ENABLE_STRICT_OBJC_MSGSEND = YES;
				GCC_C_LANGUAGE_STANDARD = c99;
				GCC_NO_COMMON_BLOCKS = YES;
				GCC_WARN_64_TO_32_BIT_CONVERSION = YES;
				GCC_WARN_ABOUT_RETURN_TYPE = YES;
				GCC_WARN_UNDECLARED_SELECTOR = YES;
				GCC_WARN_UNINITIALIZED_AUTOS = YES;
				GCC_WARN_UNUSED_FUNCTION = YES;
				GCC_WARN_UNUSED_VARIABLE = YES;
				IPHONEOS_DEPLOYMENT_TARGET = 8.0;
				OTHER_SWIFT_FLAGS = "-D ALLOW_TO_CONNECT_TO_SELF";
				SDKROOT = iphoneos;
				SWIFT_OPTIMIZATION_LEVEL = "-Owholemodule";
				SWIFT_SWIFT3_OBJC_INFERENCE = Off;
				SWIFT_VERSION = 4.2;
			};
			name = Release;
		};
/* End XCBuildConfiguration section */

/* Begin XCConfigurationList section */
		1D6058960D05DD3E006BFB54 /* Build configuration list for PBXNativeTarget "CryptoExercise" */ = {
			isa = XCConfigurationList;
			buildConfigurations = (
				1D6058940D05DD3E006BFB54 /* Debug */,
				1D6058950D05DD3E006BFB54 /* Release */,
			);
			defaultConfigurationIsVisible = 0;
			defaultConfigurationName = Release;
		};
		C01FCF4E08A954540054247B /* Build configuration list for PBXProject "CryptoExercise" */ = {
			isa = XCConfigurationList;
			buildConfigurations = (
				C01FCF4F08A954540054247B /* Debug */,
				C01FCF5008A954540054247B /* Release */,
			);
			defaultConfigurationIsVisible = 0;
			defaultConfigurationName = Release;
		};
/* End XCConfigurationList section */
	};
	rootObject = 29B97313FDCFA39411CA2CEA /* Project object */;
}
